
Microsoft Visual Studio Solution File, Format Version 12.00
# Visual Studio Version 17
VisualStudioVersion = 17.7.34009.444
MinimumVisualStudioVersion = 10.0.40219.1
Project("{9A19103F-16F7-4668-BE54-9A1E7A4F7556}") = "BlurSharp", "BlurSharp\BlurSharp.csproj", "{FF992BB0-4B2C-4421-A7F8-5B23C8F1AB2D}"
EndProject
Project("{9A19103F-16F7-4668-BE54-9A1E7A4F7556}") = "BlurSharp.Forms", "BlurSharp.Forms\BlurSharp.Forms.csproj", "{3B9DF80F-7C8E-4B97-90AF-9D7EFEB626F2}"
EndProject
Project("{9A19103F-16F7-4668-BE54-9A1E7A4F7556}") = "BlurSharp.Support", "BlurSharp.Support\BlurSharp.Support.csproj", "{B8D7870F-821C-412A-A9DA-267E3F480319}"
EndProject
Project("{9A19103F-16F7-4668-BE54-9A1E7A4F7556}") = "BlurSharp.Main", "BlurSharp.Main\BlurSharp.Main.csproj", "{3ECECCFB-F540-455C-9571-22964C310B8E}"
EndProject
Project("{9A19103F-16F7-4668-BE54-9A1E7A4F7556}") = "BlurSharp.Core", "BlurSharp.Core\BlurSharp.Core.csproj", "{E9C14B15-1F6C-49B1-8804-E3644A3C4C47}"
EndProject
Project("{9A19103F-16F7-4668-BE54-9A1E7A4F7556}") = "BlurSharp.Setting", "BlurSharp.Setting\BlurSharp.Setting.csproj", "{90B0CA4B-BD47-4752-AA84-8C180E170B01}"
EndProject
Project("{9A19103F-16F7-4668-BE54-9A1E7A4F7556}") = "BlurSharp.Protect", "BlurSharp.Protect\BlurSharp.Protect.csproj", "{67125ADB-EDB2-4286-BB18-C2B133559A72}"
EndProject
Project("{FAE04EC0-301F-11D3-BF4B-00C04F79EFBC}") = "BlurSharp.Project", "BlurSharp.Project\BlurSharp.Project.csproj", "{748BA66D-E204-4A1C-8762-56DC5835A421}"
EndProject
Global
	GlobalSection(SolutionConfigurationPlatforms) = preSolution
		Debug|Any CPU = Debug|Any CPU
		Release|Any CPU = Release|Any CPU
	EndGlobalSection
	GlobalSection(ProjectConfigurationPlatforms) = postSolution
		{FF992BB0-4B2C-4421-A7F8-5B23C8F1AB2D}.Debug|Any CPU.ActiveCfg = Debug|Any CPU
		{FF992BB0-4B2C-4421-A7F8-5B23C8F1AB2D}.Debug|Any CPU.Build.0 = Debug|Any CPU
		{FF992BB0-4B2C-4421-A7F8-5B23C8F1AB2D}.Release|Any CPU.ActiveCfg = Release|Any CPU
		{FF992BB0-4B2C-4421-A7F8-5B23C8F1AB2D}.Release|Any CPU.Build.0 = Release|Any CPU
		{3B9DF80F-7C8E-4B97-90AF-9D7EFEB626F2}.Debug|Any CPU.ActiveCfg = Debug|Any CPU
		{3B9DF80F-7C8E-4B97-90AF-9D7EFEB626F2}.Debug|Any CPU.Build.0 = Debug|Any CPU
		{3B9DF80F-7C8E-4B97-90AF-9D7EFEB626F2}.Release|Any CPU.ActiveCfg = Release|Any CPU
		{3B9DF80F-7C8E-4B97-90AF-9D7EFEB626F2}.Release|Any CPU.Build.0 = Release|Any CPU
		{B8D7870F-821C-412A-A9DA-267E3F480319}.Debug|Any CPU.ActiveCfg = Debug|Any CPU
		{B8D7870F-821C-412A-A9DA-267E3F480319}.Debug|Any CPU.Build.0 = Debug|Any CPU
		{B8D7870F-821C-412A-A9DA-267E3F480319}.Release|Any CPU.ActiveCfg = Release|Any CPU
		{B8D7870F-821C-412A-A9DA-267E3F480319}.Release|Any CPU.Build.0 = Release|Any CPU
		{3ECECCFB-F540-455C-9571-22964C310B8E}.Debug|Any CPU.ActiveCfg = Debug|Any CPU
		{3ECECCFB-F540-455C-9571-22964C310B8E}.Debug|Any CPU.Build.0 = Debug|Any CPU
		{3ECECCFB-F540-455C-9571-22964C310B8E}.Release|Any CPU.ActiveCfg = Release|Any CPU
		{3ECECCFB-F540-455C-9571-22964C310B8E}.Release|Any CPU.Build.0 = Release|Any CPU
		{E9C14B15-1F6C-49B1-8804-E3644A3C4C47}.Debug|Any CPU.ActiveCfg = Debug|Any CPU
		{E9C14B15-1F6C-49B1-8804-E3644A3C4C47}.Debug|Any CPU.Build.0 = Debug|Any CPU
		{E9C14B15-1F6C-49B1-8804-E3644A3C4C47}.Release|Any CPU.ActiveCfg = Release|Any CPU
		{E9C14B15-1F6C-49B1-8804-E3644A3C4C47}.Release|Any CPU.Build.0 = Release|Any CPU
		{90B0CA4B-BD47-4752-AA84-8C180E170B01}.Debug|Any CPU.ActiveCfg = Debug|Any CPU
		{90B0CA4B-BD47-4752-AA84-8C180E170B01}.Debug|Any CPU.Build.0 = Debug|Any CPU
		{90B0CA4B-BD47-4752-AA84-8C180E170B01}.Release|Any CPU.ActiveCfg = Release|Any CPU
		{90B0CA4B-BD47-4752-AA84-8C180E170B01}.Release|Any CPU.Build.0 = Release|Any CPU
		{67125ADB-EDB2-4286-BB18-C2B133559A72}.Debug|Any CPU.ActiveCfg = Debug|Any CPU
		{67125ADB-EDB2-4286-BB18-C2B133559A72}.Debug|Any CPU.Build.0 = Debug|Any CPU
		{67125ADB-EDB2-4286-BB18-C2B133559A72}.Release|Any CPU.ActiveCfg = Release|Any CPU
		{67125ADB-EDB2-4286-BB18-C2B133559A72}.Release|Any CPU.Build.0 = Release|Any CPU
		{748BA66D-E204-4A1C-8762-56DC5835A421}.Debug|Any CPU.ActiveCfg = Debug|Any CPU
		{748BA66D-E204-4A1C-8762-56DC5835A421}.Debug|Any CPU.Build.0 = Debug|Any CPU
		{748BA66D-E204-4A1C-8762-56DC5835A421}.Release|Any CPU.ActiveCfg = Release|Any CPU
		{748BA66D-E204-4A1C-8762-56DC5835A421}.Release|Any CPU.Build.0 = Release|Any CPU
	EndGlobalSection
	GlobalSection(SolutionProperties) = preSolution
		HideSolutionNode = FALSE
	EndGlobalSection
	GlobalSection(ExtensibilityGlobals) = postSolution
		SolutionGuid = {600448A1-A835-4152-A8F1-3C494BDA24BA}
	EndGlobalSection
EndGlobal
