
Microsoft Visual Studio Solution File, Format Version 12.00
# Visual Studio Version 17
VisualStudioVersion = 17.7.34009.444
MinimumVisualStudioVersion = 10.0.40219.1
Project("{9A19103F-16F7-4668-BE54-9A1E7A4F7556}") = "BlurSharp", "BlurSharp\BlurSharp.csproj", "{FF992BB0-4B2C-4421-A7F8-5B23C8F1AB2D}"
EndProject
Project("{9A19103F-16F7-4668-BE54-9A1E7A4F7556}") = "BlurSharp.Forms", "BlurSharp.Forms\BlurSharp.Forms.csproj", "{3B9DF80F-7C8E-4B97-90AF-9D7EFEB626F2}"
EndProject
Project("{9A19103F-16F7-4668-BE54-9A1E7A4F7556}") = "BlurSharp.Support", "BlurSharp.Support\BlurSharp.Support.csproj", "{B8D7870F-821C-412A-A9DA-267E3F480319}"
EndProject
Project("{9A19103F-16F7-4668-BE54-9A1E7A4F7556}") = "BlurSharp.Main", "BlurSharp.Main\BlurSharp.Main.csproj", "{3ECECCFB-F540-455C-9571-22964C310B8E}"
EndProject
Project("{9A19103F-16F7-4668-BE54-9A1E7A4F7556}") = "BlurSharp.Core", "BlurSharp.Core\BlurSharp.Core.csproj", "{E9C14B15-1F6C-49B1-8804-E3644A3C4C47}"
EndProject
Project("{9A19103F-16F7-4668-BE54-9A1E7A4F7556}") = "BlurSharp.Protect", "BlurSharp.Protect\BlurSharp.Protect.csproj", "{67125ADB-EDB2-4286-BB18-C2B133559A72}"
EndProject
Project("{9A19103F-16F7-4668-BE54-9A1E7A4F7556}") = "BlurSharp.Project", "BlurSharp.Project\BlurSharp.Project.csproj", "{748BA66D-E204-4A1C-8762-56DC5835A421}"
EndProject
Project("{2150E333-8FDC-42A3-9474-1A3956D46DE8}") = "Partial", "Partial", "{B2B1AB8B-2563-41E6-AC74-6385C03CBF57}"
EndProject
Project("{2150E333-8FDC-42A3-9474-1A3956D46DE8}") = "Studio", "Studio", "{21E29FE3-77EA-4EC4-B4D4-8DF0A17F4C4E}"
EndProject
Project("{2150E333-8FDC-42A3-9474-1A3956D46DE8}") = "Based", "Based", "{F4BD47BA-B0C4-4054-A052-1E7946B932E1}"
EndProject
Project("{9A19103F-16F7-4668-BE54-9A1E7A4F7556}") = "Confuser.Core", "Confuser.Core\Confuser.Core.csproj", "{EF3EB96C-D81B-43E4-823D-6A488C6E716D}"
EndProject
Project("{9A19103F-16F7-4668-BE54-9A1E7A4F7556}") = "Confuser.DynCipher", "Confuser.DynCipher\Confuser.DynCipher.csproj", "{C576E78E-AEEF-43FC-A5A2-8F19F3E293A1}"
EndProject
Project("{9A19103F-16F7-4668-BE54-9A1E7A4F7556}") = "Confuser.Protections", "Confuser.Protections\Confuser.Protections.csproj", "{63BF52ED-54C9-4D55-8D85-3A3F1D6C254A}"
EndProject
Project("{9A19103F-16F7-4668-BE54-9A1E7A4F7556}") = "Confuser.Renamer", "Confuser.Renamer\Confuser.Renamer.csproj", "{36C5F908-1AEE-4EEE-BC6A-5E3A554889EB}"
EndProject
Project("{9A19103F-16F7-4668-BE54-9A1E7A4F7556}") = "Confuser.Runtime", "Confuser.Runtime\Confuser.Runtime.csproj", "{AA4EFBEE-C2B2-4E18-826A-F6EDE840CD9A}"
EndProject
Project("{FAE04EC0-301F-11D3-BF4B-00C04F79EFBC}") = "BlurSharp.Project.FolderExplorer", "BlurSharp.Project.FolderExplorer\BlurSharp.Project.FolderExplorer.csproj", "{9D32D500-CF81-4490-BCE0-FBA1D47901B4}"
EndProject
Global
	GlobalSection(SolutionConfigurationPlatforms) = preSolution
		Debug|Any CPU = Debug|Any CPU
		Release|Any CPU = Release|Any CPU
	EndGlobalSection
	GlobalSection(ProjectConfigurationPlatforms) = postSolution
		{FF992BB0-4B2C-4421-A7F8-5B23C8F1AB2D}.Debug|Any CPU.ActiveCfg = Debug|Any CPU
		{FF992BB0-4B2C-4421-A7F8-5B23C8F1AB2D}.Debug|Any CPU.Build.0 = Debug|Any CPU
		{FF992BB0-4B2C-4421-A7F8-5B23C8F1AB2D}.Release|Any CPU.ActiveCfg = Release|Any CPU
		{FF992BB0-4B2C-4421-A7F8-5B23C8F1AB2D}.Release|Any CPU.Build.0 = Release|Any CPU
		{3B9DF80F-7C8E-4B97-90AF-9D7EFEB626F2}.Debug|Any CPU.ActiveCfg = Debug|Any CPU
		{3B9DF80F-7C8E-4B97-90AF-9D7EFEB626F2}.Debug|Any CPU.Build.0 = Debug|Any CPU
		{3B9DF80F-7C8E-4B97-90AF-9D7EFEB626F2}.Release|Any CPU.ActiveCfg = Release|Any CPU
		{3B9DF80F-7C8E-4B97-90AF-9D7EFEB626F2}.Release|Any CPU.Build.0 = Release|Any CPU
		{B8D7870F-821C-412A-A9DA-267E3F480319}.Debug|Any CPU.ActiveCfg = Debug|Any CPU
		{B8D7870F-821C-412A-A9DA-267E3F480319}.Debug|Any CPU.Build.0 = Debug|Any CPU
		{B8D7870F-821C-412A-A9DA-267E3F480319}.Release|Any CPU.ActiveCfg = Release|Any CPU
		{B8D7870F-821C-412A-A9DA-267E3F480319}.Release|Any CPU.Build.0 = Release|Any CPU
		{3ECECCFB-F540-455C-9571-22964C310B8E}.Debug|Any CPU.ActiveCfg = Debug|Any CPU
		{3ECECCFB-F540-455C-9571-22964C310B8E}.Debug|Any CPU.Build.0 = Debug|Any CPU
		{3ECECCFB-F540-455C-9571-22964C310B8E}.Release|Any CPU.ActiveCfg = Release|Any CPU
		{3ECECCFB-F540-455C-9571-22964C310B8E}.Release|Any CPU.Build.0 = Release|Any CPU
		{E9C14B15-1F6C-49B1-8804-E3644A3C4C47}.Debug|Any CPU.ActiveCfg = Debug|Any CPU
		{E9C14B15-1F6C-49B1-8804-E3644A3C4C47}.Debug|Any CPU.Build.0 = Debug|Any CPU
		{E9C14B15-1F6C-49B1-8804-E3644A3C4C47}.Release|Any CPU.ActiveCfg = Release|Any CPU
		{E9C14B15-1F6C-49B1-8804-E3644A3C4C47}.Release|Any CPU.Build.0 = Release|Any CPU
		{67125ADB-EDB2-4286-BB18-C2B133559A72}.Debug|Any CPU.ActiveCfg = Debug|Any CPU
		{67125ADB-EDB2-4286-BB18-C2B133559A72}.Debug|Any CPU.Build.0 = Debug|Any CPU
		{67125ADB-EDB2-4286-BB18-C2B133559A72}.Release|Any CPU.ActiveCfg = Release|Any CPU
		{67125ADB-EDB2-4286-BB18-C2B133559A72}.Release|Any CPU.Build.0 = Release|Any CPU
		{748BA66D-E204-4A1C-8762-56DC5835A421}.Debug|Any CPU.ActiveCfg = Debug|Any CPU
		{748BA66D-E204-4A1C-8762-56DC5835A421}.Debug|Any CPU.Build.0 = Debug|Any CPU
		{748BA66D-E204-4A1C-8762-56DC5835A421}.Release|Any CPU.ActiveCfg = Release|Any CPU
		{748BA66D-E204-4A1C-8762-56DC5835A421}.Release|Any CPU.Build.0 = Release|Any CPU
		{EF3EB96C-D81B-43E4-823D-6A488C6E716D}.Debug|Any CPU.ActiveCfg = Debug|Any CPU
		{EF3EB96C-D81B-43E4-823D-6A488C6E716D}.Debug|Any CPU.Build.0 = Debug|Any CPU
		{EF3EB96C-D81B-43E4-823D-6A488C6E716D}.Release|Any CPU.ActiveCfg = Release|Any CPU
		{EF3EB96C-D81B-43E4-823D-6A488C6E716D}.Release|Any CPU.Build.0 = Release|Any CPU
		{C576E78E-AEEF-43FC-A5A2-8F19F3E293A1}.Debug|Any CPU.ActiveCfg = Debug|Any CPU
		{C576E78E-AEEF-43FC-A5A2-8F19F3E293A1}.Debug|Any CPU.Build.0 = Debug|Any CPU
		{C576E78E-AEEF-43FC-A5A2-8F19F3E293A1}.Release|Any CPU.ActiveCfg = Release|Any CPU
		{C576E78E-AEEF-43FC-A5A2-8F19F3E293A1}.Release|Any CPU.Build.0 = Release|Any CPU
		{63BF52ED-54C9-4D55-8D85-3A3F1D6C254A}.Debug|Any CPU.ActiveCfg = Debug|Any CPU
		{63BF52ED-54C9-4D55-8D85-3A3F1D6C254A}.Debug|Any CPU.Build.0 = Debug|Any CPU
		{63BF52ED-54C9-4D55-8D85-3A3F1D6C254A}.Release|Any CPU.ActiveCfg = Release|Any CPU
		{63BF52ED-54C9-4D55-8D85-3A3F1D6C254A}.Release|Any CPU.Build.0 = Release|Any CPU
		{36C5F908-1AEE-4EEE-BC6A-5E3A554889EB}.Debug|Any CPU.ActiveCfg = Debug|Any CPU
		{36C5F908-1AEE-4EEE-BC6A-5E3A554889EB}.Debug|Any CPU.Build.0 = Debug|Any CPU
		{36C5F908-1AEE-4EEE-BC6A-5E3A554889EB}.Release|Any CPU.ActiveCfg = Release|Any CPU
		{36C5F908-1AEE-4EEE-BC6A-5E3A554889EB}.Release|Any CPU.Build.0 = Release|Any CPU
		{AA4EFBEE-C2B2-4E18-826A-F6EDE840CD9A}.Debug|Any CPU.ActiveCfg = Debug|Any CPU
		{AA4EFBEE-C2B2-4E18-826A-F6EDE840CD9A}.Debug|Any CPU.Build.0 = Debug|Any CPU
		{AA4EFBEE-C2B2-4E18-826A-F6EDE840CD9A}.Release|Any CPU.ActiveCfg = Release|Any CPU
		{AA4EFBEE-C2B2-4E18-826A-F6EDE840CD9A}.Release|Any CPU.Build.0 = Release|Any CPU
		{9D32D500-CF81-4490-BCE0-FBA1D47901B4}.Debug|Any CPU.ActiveCfg = Debug|Any CPU
		{9D32D500-CF81-4490-BCE0-FBA1D47901B4}.Debug|Any CPU.Build.0 = Debug|Any CPU
		{9D32D500-CF81-4490-BCE0-FBA1D47901B4}.Release|Any CPU.ActiveCfg = Release|Any CPU
		{9D32D500-CF81-4490-BCE0-FBA1D47901B4}.Release|Any CPU.Build.0 = Release|Any CPU
	EndGlobalSection
	GlobalSection(SolutionProperties) = preSolution
		HideSolutionNode = FALSE
	EndGlobalSection
	GlobalSection(NestedProjects) = preSolution
		{FF992BB0-4B2C-4421-A7F8-5B23C8F1AB2D} = {21E29FE3-77EA-4EC4-B4D4-8DF0A17F4C4E}
		{3B9DF80F-7C8E-4B97-90AF-9D7EFEB626F2} = {B2B1AB8B-2563-41E6-AC74-6385C03CBF57}
		{B8D7870F-821C-412A-A9DA-267E3F480319} = {F4BD47BA-B0C4-4054-A052-1E7946B932E1}
		{3ECECCFB-F540-455C-9571-22964C310B8E} = {B2B1AB8B-2563-41E6-AC74-6385C03CBF57}
		{E9C14B15-1F6C-49B1-8804-E3644A3C4C47} = {F4BD47BA-B0C4-4054-A052-1E7946B932E1}
		{67125ADB-EDB2-4286-BB18-C2B133559A72} = {B2B1AB8B-2563-41E6-AC74-6385C03CBF57}
		{748BA66D-E204-4A1C-8762-56DC5835A421} = {B2B1AB8B-2563-41E6-AC74-6385C03CBF57}
		{EF3EB96C-D81B-43E4-823D-6A488C6E716D} = {F4BD47BA-B0C4-4054-A052-1E7946B932E1}
		{C576E78E-AEEF-43FC-A5A2-8F19F3E293A1} = {F4BD47BA-B0C4-4054-A052-1E7946B932E1}
		{63BF52ED-54C9-4D55-8D85-3A3F1D6C254A} = {F4BD47BA-B0C4-4054-A052-1E7946B932E1}
		{36C5F908-1AEE-4EEE-BC6A-5E3A554889EB} = {F4BD47BA-B0C4-4054-A052-1E7946B932E1}
		{AA4EFBEE-C2B2-4E18-826A-F6EDE840CD9A} = {F4BD47BA-B0C4-4054-A052-1E7946B932E1}
		{9D32D500-CF81-4490-BCE0-FBA1D47901B4} = {B2B1AB8B-2563-41E6-AC74-6385C03CBF57}
	EndGlobalSection
	GlobalSection(ExtensibilityGlobals) = postSolution
		SolutionGuid = {600448A1-A835-4152-A8F1-3C494BDA24BA}
	EndGlobalSection
EndGlobal
